
Microsoft Visual Studio Solution File, Format Version 12.00
# Visual Studio Version 17
VisualStudioVersion = 17.6.33829.357
MinimumVisualStudioVersion = 10.0.40219.1
Project("{FAE04EC0-301F-11D3-BF4B-00C04F79EFBC}") = "DockerImageProject", "DockerImageProject.csproj", "{EB48DA76-8202-44CD-8FA4-66BB8920E17C}"
EndProject
Global
	GlobalSection(SolutionConfigurationPlatforms) = preSolution
		Debug|Any CPU = Debug|Any CPU
		Release|Any CPU = Release|Any CPU
	EndGlobalSection
	GlobalSection(ProjectConfigurationPlatforms) = postSolution
		{EB48DA76-8202-44CD-8FA4-66BB8920E17C}.Debug|Any CPU.ActiveCfg = Debug|Any CPU
		{EB48DA76-8202-44CD-8FA4-66BB8920E17C}.Debug|Any CPU.Build.0 = Debug|Any CPU
		{EB48DA76-8202-44CD-8FA4-66BB8920E17C}.Release|Any CPU.ActiveCfg = Release|Any CPU
		{EB48DA76-8202-44CD-8FA4-66BB8920E17C}.Release|Any CPU.Build.0 = Release|Any CPU
	EndGlobalSection
	GlobalSection(SolutionProperties) = preSolution
		HideSolutionNode = FALSE
	EndGlobalSection
	GlobalSection(ExtensibilityGlobals) = postSolution
		SolutionGuid = {08F5A52C-0F4F-49F8-AD51-6554515AE722}
	EndGlobalSection
EndGlobal
